
Microsoft Visual Studio Solution File, Format Version 12.00
# Visual Studio 15
VisualStudioVersion = 15.0.27130.2027
MinimumVisualStudioVersion = 10.0.40219.1
Project("{FAE04EC0-301F-11D3-BF4B-00C04F79EFBC}") = "MultiTermTBXConverter", "MultiTermTBXConverter\MultiTermTBXConverter.csproj", "{AD821F96-2301-4191-AC5D-D02AA7869F5F}"
EndProject
Global
	GlobalSection(SolutionConfigurationPlatforms) = preSolution
		Debug|Any CPU = Debug|Any CPU
		Release|Any CPU = Release|Any CPU
	EndGlobalSection
	GlobalSection(ProjectConfigurationPlatforms) = postSolution
		{AD821F96-2301-4191-AC5D-D02AA7869F5F}.Debug|Any CPU.ActiveCfg = Debug|Any CPU
		{AD821F96-2301-4191-AC5D-D02AA7869F5F}.Debug|Any CPU.Build.0 = Debug|Any CPU
		{AD821F96-2301-4191-AC5D-D02AA7869F5F}.Release|Any CPU.ActiveCfg = Release|Any CPU
		{AD821F96-2301-4191-AC5D-D02AA7869F5F}.Release|Any CPU.Build.0 = Release|Any CPU
	EndGlobalSection
	GlobalSection(SolutionProperties) = preSolution
		HideSolutionNode = FALSE
	EndGlobalSection
	GlobalSection(ExtensibilityGlobals) = postSolution
		SolutionGuid = {EDDF91F5-90E6-41C2-BC5C-B727AFD358F1}
	EndGlobalSection
EndGlobal
